<?xml version="1.0" encoding="utf-8"?>
<Project ToolsVersion="4.0" xmlns="http://schemas.microsoft.com/developer/msbuild/2003">
  <ItemGroup>
    <Filter Include="Header Files">
      <UniqueIdentifier>{93995380-89BD-4b04-88EB-625FBE52EBFB}</UniqueIdentifier>
      <Extensions>h;hh;hpp;hxx;hm;inl;inc;ipp;xsd</Extensions>
    </Filter>
    <Filter Include="shader">
      <UniqueIdentifier>{fa936d1f-e7c1-4291-9cab-4ddb47293ac8}</UniqueIdentifier>
    </Filter>
    <Filter Include="main">
      <UniqueIdentifier>{4FC737F1-C7A5-4376-A066-2A32D752A2FF}</UniqueIdentifier>
      <Extensions>cpp;c;cc;cxx;def;odl;idl;hpj;bat;asm;asmx</Extensions>
    </Filter>
    <Filter Include="include">
      <UniqueIdentifier>{0121747a-eedc-4dab-9b69-476c6cc50fa4}</UniqueIdentifier>
    </Filter>
    <Filter Include="resource">
      <UniqueIdentifier>{6fc7817f-4b9b-49e3-82e8-538144d8e03f}</UniqueIdentifier>
    </Filter>
    <Filter Include="util">
      <UniqueIdentifier>{602af0c8-a51b-4188-bf2c-4b6e2f1555cd}</UniqueIdentifier>
    </Filter>
  </ItemGroup>
  <ItemGroup>
    <ClCompile Include="src\Buttress.cpp">
      <Filter>main</Filter>
    </ClCompile>
    <ClCompile Include="src\Shader.cpp">
      <Filter>shader</Filter>
    </ClCompile>
    <ClCompile Include="include\pch.cpp">
      <Filter>Header Files</Filter>
    </ClCompile>
    <ClCompile Include="src\Texture.cpp">
      <Filter>resource</Filter>
    </ClCompile>
    <ClCompile Include="src\Util.cpp">
      <Filter>util</Filter>
    </ClCompile>
    <ClCompile Include="src\Model.cpp">
      <Filter>resource</Filter>
    </ClCompile>
    <ClCompile Include="src\PrimitiveDraw.cpp">
      <Filter>main</Filter>
    </ClCompile>
    <ClCompile Include="src\Material.cpp">
      <Filter>resource</Filter>
    </ClCompile>
  </ItemGroup>
  <ItemGroup>
    <ClInclude Include="include\pch.h">
      <Filter>Header Files</Filter>
    </ClInclude>
    <ClInclude Include="include\Shader.h">
      <Filter>include</Filter>
    </ClInclude>
    <ClInclude Include="include\Buttress.h">
      <Filter>include</Filter>
    </ClInclude>
    <ClInclude Include="include\Logger.h">
      <Filter>include</Filter>
    </ClInclude>
    <ClInclude Include="include\Texture.h">
      <Filter>include</Filter>
    </ClInclude>
    <ClInclude Include="include\Util.h">
      <Filter>Header Files</Filter>
    </ClInclude>
    <ClInclude Include="include\Model.h">
      <Filter>include</Filter>
    </ClInclude>
    <ClInclude Include="include\Geometry.h">
      <Filter>include</Filter>
    </ClInclude>
    <ClInclude Include="include\Object.h">
      <Filter>include</Filter>
    </ClInclude>
    <ClInclude Include="include\PrimitiveDraw.h">
      <Filter>include</Filter>
    </ClInclude>
    <ClInclude Include="include\Material.h">
      <Filter>include</Filter>
    </ClInclude>
  </ItemGroup>
</Project>