<?xml version="1.0" encoding="utf-8"?>
<Project ToolsVersion="4.0" xmlns="http://schemas.microsoft.com/developer/msbuild/2003">
  <ItemGroup>
    <Filter Include="Header Files">
      <UniqueIdentifier>{93995380-89BD-4b04-88EB-625FBE52EBFB}</UniqueIdentifier>
      <Extensions>h;hh;hpp;hxx;hm;inl;inc;ipp;xsd</Extensions>
    </Filter>
    <Filter Include="include">
      <UniqueIdentifier>{0121747a-eedc-4dab-9b69-476c6cc50fa4}</UniqueIdentifier>
    </Filter>
    <Filter Include="util">
      <UniqueIdentifier>{602af0c8-a51b-4188-bf2c-4b6e2f1555cd}</UniqueIdentifier>
    </Filter>
    <Filter Include="include\core">
      <UniqueIdentifier>{81f38fd3-df6e-4e9d-a1b2-28574192646f}</UniqueIdentifier>
    </Filter>
    <Filter Include="include\util">
      <UniqueIdentifier>{83c5e507-4fd3-46f0-9852-1796f4d0de8f}</UniqueIdentifier>
    </Filter>
    <Filter Include="include\ecs">
      <UniqueIdentifier>{d54fa970-64e3-44e7-ad78-513f90f45bb0}</UniqueIdentifier>
    </Filter>
    <Filter Include="include\component">
      <UniqueIdentifier>{0645cde2-36ac-4fc9-b2c2-450a67c55ed7}</UniqueIdentifier>
    </Filter>
    <Filter Include="include\system">
      <UniqueIdentifier>{167afaa5-55bd-4357-a817-f5ff479927eb}</UniqueIdentifier>
    </Filter>
    <Filter Include="src">
      <UniqueIdentifier>{c8329ab9-7654-4a32-9e62-c9ce572396e2}</UniqueIdentifier>
    </Filter>
    <Filter Include="src\ecs">
      <UniqueIdentifier>{1187b565-1ef8-4c45-aa6b-5b72ca5dec1a}</UniqueIdentifier>
    </Filter>
    <Filter Include="src\debug">
      <UniqueIdentifier>{c8add01c-995a-4882-bdf8-916992f2d260}</UniqueIdentifier>
    </Filter>
    <Filter Include="src\core">
      <UniqueIdentifier>{6569c80c-7932-443b-8317-293948c65a82}</UniqueIdentifier>
    </Filter>
    <Filter Include="src\main">
      <UniqueIdentifier>{4FC737F1-C7A5-4376-A066-2A32D752A2FF}</UniqueIdentifier>
      <Extensions>cpp;c;cc;cxx;def;odl;idl;hpj;bat;asm;asmx</Extensions>
    </Filter>
    <Filter Include="include\resourceManager">
      <UniqueIdentifier>{a9f86025-cd01-458f-9592-dcc6b536e8fd}</UniqueIdentifier>
    </Filter>
    <Filter Include="src\system">
      <UniqueIdentifier>{3c734dcb-a2e3-4075-a732-8fbd6bf0fe29}</UniqueIdentifier>
    </Filter>
  </ItemGroup>
  <ItemGroup>
    <ClCompile Include="src\Buttress.cpp">
      <Filter>src\main</Filter>
    </ClCompile>
    <ClCompile Include="include\pch.cpp">
      <Filter>Header Files</Filter>
    </ClCompile>
    <ClCompile Include="src\Util.cpp">
      <Filter>util</Filter>
    </ClCompile>
    <ClCompile Include="src\PrimitiveDraw.cpp">
      <Filter>src\debug</Filter>
    </ClCompile>
    <ClCompile Include="src\Geometry.cpp">
      <Filter>util</Filter>
    </ClCompile>
    <ClCompile Include="src\Object.cpp">
      <Filter>src\core</Filter>
    </ClCompile>
    <ClCompile Include="src\ecs\EntityManager.cpp">
      <Filter>src\ecs</Filter>
    </ClCompile>
    <ClCompile Include="src\ecs\SystemManager.cpp">
      <Filter>src\ecs</Filter>
    </ClCompile>
    <ClCompile Include="src\ecs\ECS.cpp">
      <Filter>src\ecs</Filter>
    </ClCompile>
    <ClCompile Include="src\system\EntityNameCheckSystem.cpp">
      <Filter>src\system</Filter>
    </ClCompile>
    <ClCompile Include="src\system\CameraSystem.cpp">
      <Filter>src\system</Filter>
    </ClCompile>
    <ClCompile Include="src\ecs\EventManager.cpp">
      <Filter>src\ecs</Filter>
    </ClCompile>
    <ClCompile Include="include\system\RenderSystem.cpp">
      <Filter>src\system</Filter>
    </ClCompile>
    <ClCompile Include="src\core\Shader.cpp">
      <Filter>src\core</Filter>
    </ClCompile>
    <ClCompile Include="src\core\Material.cpp">
      <Filter>src\core</Filter>
    </ClCompile>
    <ClCompile Include="src\core\Texture.cpp">
      <Filter>src\core</Filter>
    </ClCompile>
    <ClCompile Include="include\components\Transform.cpp">
      <Filter>include\component</Filter>
    </ClCompile>
    <ClCompile Include="src\core\MeshData.cpp">
      <Filter>src\core</Filter>
    </ClCompile>
    <ClCompile Include="src\system\AnimationSystem.cpp">
      <Filter>src\system</Filter>
    </ClCompile>
    <ClCompile Include="src\core\ModelData.cpp">
      <Filter>src\core</Filter>
    </ClCompile>
  </ItemGroup>
  <ItemGroup>
    <ClInclude Include="include\pch.h">
      <Filter>Header Files</Filter>
    </ClInclude>
    <ClInclude Include="include\Buttress.h">
      <Filter>include</Filter>
    </ClInclude>
    <ClInclude Include="include\Object.h">
      <Filter>include\core</Filter>
    </ClInclude>
    <ClInclude Include="include\Geometry.h">
      <Filter>include\core</Filter>
    </ClInclude>
    <ClInclude Include="include\Logger.h">
      <Filter>include\util</Filter>
    </ClInclude>
    <ClInclude Include="include\PrimitiveDraw.h">
      <Filter>include\util</Filter>
    </ClInclude>
    <ClInclude Include="include\Util.h">
      <Filter>include\util</Filter>
    </ClInclude>
    <ClInclude Include="include\Light.h">
      <Filter>include\core</Filter>
    </ClInclude>
    <ClInclude Include="include\ecs\ComponentManager.h">
      <Filter>include\ecs</Filter>
    </ClInclude>
    <ClInclude Include="include\ecs\EntityManager.h">
      <Filter>include\ecs</Filter>
    </ClInclude>
    <ClInclude Include="include\ecs\SystemManager.h">
      <Filter>include\ecs</Filter>
    </ClInclude>
    <ClInclude Include="include\ecs\ECS.h">
      <Filter>include\ecs</Filter>
    </ClInclude>
    <ClInclude Include="include\components\EntityName.h">
      <Filter>include\component</Filter>
    </ClInclude>
    <ClInclude Include="include\system\EntityNameCheckSystem.h">
      <Filter>include\system</Filter>
    </ClInclude>
    <ClInclude Include="include\system\CameraSystem.h">
      <Filter>include\system</Filter>
    </ClInclude>
    <ClInclude Include="include\components\Camera.h">
      <Filter>include\component</Filter>
    </ClInclude>
    <ClInclude Include="include\components\Mesh.h">
      <Filter>include\component</Filter>
    </ClInclude>
    <ClInclude Include="include\ecs\EventManager.h">
      <Filter>include\ecs</Filter>
    </ClInclude>
    <ClInclude Include="include\system\RenderSystem.h">
      <Filter>include\system</Filter>
    </ClInclude>
    <ClInclude Include="include\core\Shader.h">
      <Filter>include\core</Filter>
    </ClInclude>
    <ClInclude Include="include\core\Material.h">
      <Filter>include\core</Filter>
    </ClInclude>
    <ClInclude Include="include\core\Texture.h">
      <Filter>include\core</Filter>
    </ClInclude>
    <ClInclude Include="include\components\Transform.h">
      <Filter>include\component</Filter>
    </ClInclude>
    <ClInclude Include="include\core\MeshData.h">
      <Filter>include\core</Filter>
    </ClInclude>
    <ClInclude Include="include\components\Node.h">
      <Filter>include\component</Filter>
    </ClInclude>
    <ClInclude Include="include\system\AnimationSystem.h">
      <Filter>include\system</Filter>
    </ClInclude>
    <ClInclude Include="include\core\ModelData.h">
      <Filter>include\core</Filter>
    </ClInclude>
    <ClInclude Include="include\core\AnimationData.h">
      <Filter>include\core</Filter>
    </ClInclude>
  </ItemGroup>
</Project>